{
  "version": "2",
  "remote": {
    "https://deno.land/std@0.191.0/_util/asserts.ts": "178dfc49a464aee693a7e285567b3d0b555dc805ff490505a8aae34f9cfb1462",
    "https://deno.land/std@0.191.0/_util/os.ts": "d932f56d41e4f6a6093d56044e29ce637f8dcc43c5a90af43504a889cf1775e3",
    "https://deno.land/std@0.191.0/fmt/colors.ts": "d67e3cd9f472535241a8e410d33423980bec45047e343577554d3356e1f0ef4e",
    "https://deno.land/std@0.191.0/fs/_util.ts": "fbf57dcdc9f7bc8128d60301eece608246971a7836a3bb1e78da75314f08b978",
    "https://deno.land/std@0.191.0/fs/copy.ts": "14214efd94fc3aa6db1e4af2b4b9578e50f7362b7f3725d5a14ad259a5df26c8",
    "https://deno.land/std@0.191.0/fs/empty_dir.ts": "c3d2da4c7352fab1cf144a1ecfef58090769e8af633678e0f3fabaef98594688",
    "https://deno.land/std@0.191.0/fs/ensure_dir.ts": "dc64c4c75c64721d4e3fb681f1382f803ff3d2868f08563ff923fdd20d071c40",
    "https://deno.land/std@0.191.0/fs/ensure_file.ts": "c38602670bfaf259d86ca824a94e6cb9e5eb73757fefa4ebf43a90dd017d53d9",
    "https://deno.land/std@0.191.0/fs/ensure_link.ts": "c0f5b2f0ec094ed52b9128eccb1ee23362a617457aa0f699b145d4883f5b2fb4",
    "https://deno.land/std@0.191.0/fs/ensure_symlink.ts": "5006ab2f458159c56d689b53b1e48d57e05eeb1eaf64e677f7f76a30bc4fdba1",
    "https://deno.land/std@0.191.0/fs/eol.ts": "f1f2eb348a750c34500741987b21d65607f352cf7205f48f4319d417fff42842",
    "https://deno.land/std@0.191.0/fs/exists.ts": "29c26bca8584a22876be7cb8844f1b6c8fc35e9af514576b78f5c6884d7ed02d",
    "https://deno.land/std@0.191.0/fs/expand_glob.ts": "e4f56259a0a70fe23f05215b00de3ac5e6ba46646ab2a06ebbe9b010f81c972a",
    "https://deno.land/std@0.191.0/fs/mod.ts": "bc3d0acd488cc7b42627044caf47d72019846d459279544e1934418955ba4898",
    "https://deno.land/std@0.191.0/fs/move.ts": "b4f8f46730b40c32ea3c0bc8eb0fd0e8139249a698883c7b3756424cf19785c9",
    "https://deno.land/std@0.191.0/fs/walk.ts": "920be35a7376db6c0b5b1caf1486fb962925e38c9825f90367f8f26b5e5d0897",
    "https://deno.land/std@0.191.0/path/_constants.ts": "e49961f6f4f48039c0dfed3c3f93e963ca3d92791c9d478ac5b43183413136e0",
    "https://deno.land/std@0.191.0/path/_interface.ts": "6471159dfbbc357e03882c2266d21ef9afdb1e4aa771b0545e90db58a0ba314b",
    "https://deno.land/std@0.191.0/path/_util.ts": "d7abb1e0dea065f427b89156e28cdeb32b045870acdf865833ba808a73b576d0",
    "https://deno.land/std@0.191.0/path/common.ts": "ee7505ab01fd22de3963b64e46cff31f40de34f9f8de1fff6a1bd2fe79380000",
    "https://deno.land/std@0.191.0/path/glob.ts": "d479e0a695621c94d3fd7fe7abd4f9499caf32a8de13f25073451c6ef420a4e1",
    "https://deno.land/std@0.191.0/path/mod.ts": "f065032a7189404fdac3ad1a1551a9ac84751d2f25c431e101787846c86c79ef",
    "https://deno.land/std@0.191.0/path/posix.ts": "8b7c67ac338714b30c816079303d0285dd24af6b284f7ad63da5b27372a2c94d",
    "https://deno.land/std@0.191.0/path/separator.ts": "0fb679739d0d1d7bf45b68dacfb4ec7563597a902edbaf3c59b50d5bcadd93b1",
    "https://deno.land/std@0.191.0/path/win32.ts": "d186344e5583bcbf8b18af416d13d82b35a317116e6460a5a3953508c3de5bba",
    "https://deno.land/std@0.191.0/testing/_diff.ts": "1a3c044aedf77647d6cac86b798c6417603361b66b54c53331b312caeb447aea",
    "https://deno.land/std@0.191.0/testing/_format.ts": "a69126e8a469009adf4cf2a50af889aca364c349797e63174884a52ff75cf4c7",
    "https://deno.land/std@0.191.0/testing/asserts.ts": "e16d98b4d73ffc4ed498d717307a12500ae4f2cbe668f1a215632d19fcffc22f",
    "https://deno.land/std@0.191.0/testing/snapshot.ts": "34a70be2aeccb1dc58e3c586c2ed6f374f1e079b65595116adb7079f8b0c9848",
    "https://esm.sh/remark-parse@10.0.2": "e7d0ce20ba930394ce4e1f9716a5a169553d49d7c2fd0c75ccf967091f3be2d4",
    "https://esm.sh/v125/@types/mdast@3.0.11/index.d.ts": "73edc684594bcf85f5b9a3806006cda5478fa04405039567024d3f6303eb5a16",
    "https://esm.sh/v125/@types/unist@2.0.6/index.d.ts": "cddf5c26907c0b8378bc05543161c11637b830da9fadf59e02a11e675d11e180",
    "https://esm.sh/v125/character-entities@2.0.2/denonext/character-entities.mjs": "9e8657f056310ac3ca8058eaf96cef695ee13a4bf6c302674796a882464f305c",
    "https://esm.sh/v125/decode-named-character-reference@1.0.2/denonext/decode-named-character-reference.mjs": "0c71d554edc3a5ffb8a7a9a24001ae5e28859211c4f22ad83d3046df12e5a3f4",
    "https://esm.sh/v125/mdast-util-from-markdown@1.3.1/denonext/mdast-util-from-markdown.mjs": "f7362aba147dc5dbedf9c5bda361058fb0d394af72b0a5c7ff8badb788fc1bcc",
    "https://esm.sh/v125/mdast-util-from-markdown@1.3.1/index.d.ts": "baf8a1e090e061b45e43830e518cc2cdecb660acdace2713dcff326844692ddf",
    "https://esm.sh/v125/mdast-util-from-markdown@1.3.1/lib/index.d.ts": "5678304b3e33cb34567d8d42c2fa4225cb0805fc9bc1dfb44012f2ed1c053e03",
    "https://esm.sh/v125/mdast-util-to-string@3.2.0/denonext/mdast-util-to-string.mjs": "64fef8fd2a9fdb8abcff4ff6c086c273123c0833c13e465d6c9f82332d1e239c",
    "https://esm.sh/v125/micromark-core-commonmark@1.1.0/denonext/micromark-core-commonmark.mjs": "fedf22a2503d080301dbfeb028f0f82077aaecf1b145890178e152551f00d5d3",
    "https://esm.sh/v125/micromark-factory-destination@1.1.0/denonext/micromark-factory-destination.mjs": "0610ae0c49fffaac6d5d6d45a4cdd5a2024524e37dc642137883473dba703d73",
    "https://esm.sh/v125/micromark-factory-label@1.1.0/denonext/micromark-factory-label.mjs": "424413dccd22890f7601929f585b93eb8810b405fe1d3fba824a5656ff5d3643",
    "https://esm.sh/v125/micromark-factory-space@1.1.0/denonext/micromark-factory-space.mjs": "ea7b684db4f0e6d68ff35d8babd88c146bd5e4754f641f282037e369a2667517",
    "https://esm.sh/v125/micromark-factory-title@1.1.0/denonext/micromark-factory-title.mjs": "5ded814ba88dc0c5f36f0067418c000d9cf0737b98f99994a89e2ae65af6a3f1",
    "https://esm.sh/v125/micromark-factory-whitespace@1.1.0/denonext/micromark-factory-whitespace.mjs": "6c301e0b048242489591f2f3471a05cfc2696d479f7cdc40744008b2493229b2",
    "https://esm.sh/v125/micromark-util-character@1.2.0/denonext/micromark-util-character.mjs": "be2f95646c829378e2f33d0e8b03e7e057f2387cd54f9c18c3d48a87fbc909c9",
    "https://esm.sh/v125/micromark-util-chunked@1.1.0/denonext/micromark-util-chunked.mjs": "896f816c52b791283f998076bcea3ff9a4bbd2bf858d96be6079400939ae8c9d",
    "https://esm.sh/v125/micromark-util-classify-character@1.1.0/denonext/micromark-util-classify-character.mjs": "c0729214295c16ad5a41b24232cd16c5fb0824c2dcc71d542b0933a99b3f8417",
    "https://esm.sh/v125/micromark-util-combine-extensions@1.1.0/denonext/micromark-util-combine-extensions.mjs": "e557be17d033d8fe9ca36927e24ab60099285a372dcad8c17a19de2272042b15",
    "https://esm.sh/v125/micromark-util-decode-numeric-character-reference@1.1.0/denonext/micromark-util-decode-numeric-character-reference.mjs": "d9d2a8fc3648db44a49c0284d088db354b39c5623e1497c4127ad103594a7948",
    "https://esm.sh/v125/micromark-util-decode-string@1.1.0/denonext/micromark-util-decode-string.mjs": "c105b348d672c4c5ea55a46125699355659891681e2aee42b58a02c0873682de",
    "https://esm.sh/v125/micromark-util-html-tag-name@1.2.0/denonext/micromark-util-html-tag-name.mjs": "81ed9b1fe3f6dd5290991b4bf39d034ddfd6cdbb4f5352ab61769e4c2eb3fbd3",
    "https://esm.sh/v125/micromark-util-normalize-identifier@1.1.0/denonext/micromark-util-normalize-identifier.mjs": "27b873a22954a139d8215b722b0a867b4f1f718cd261ea3f884f997a0d3e0e08",
    "https://esm.sh/v125/micromark-util-resolve-all@1.1.0/denonext/micromark-util-resolve-all.mjs": "ee8f55a86b2bfcc1be3d15bbd8b106755a51916ae4c75c962cc044f6b2a22d46",
    "https://esm.sh/v125/micromark-util-subtokenize@1.1.0/denonext/micromark-util-subtokenize.mjs": "f84fbf2e9853e41e7fbe912705505be2233967270dba5f3b12f22eb4d4f68cf6",
    "https://esm.sh/v125/micromark-util-types@1.1.0/index.d.ts": "4cef6b76f45c58ff3044e1851afecd32be09fa6def7a626115b555b063e3e9ef",
    "https://esm.sh/v125/micromark@3.2.0/denonext/lib/parse.js": "a9a90718ee5eafb25b6f7f1f263c7be0a69919873a1cf1d8671829c7d2d1de55",
    "https://esm.sh/v125/micromark@3.2.0/denonext/lib/postprocess.js": "78af197d2906c033ae0f81ee5a9eb03b37d42cac0535f75e98174a948cae2fb5",
    "https://esm.sh/v125/micromark@3.2.0/denonext/lib/preprocess.js": "786db83c43e9d21f14bc37b6c05f061ca4a1db862ffed10c07ca1e6843f73fae",
    "https://esm.sh/v125/remark-parse@10.0.2/denonext/remark-parse.mjs": "97743a1b8e698444f5ee2dff5e1d3819c39f97a61d680e5b8a3af764220524d1",
    "https://esm.sh/v125/remark-parse@10.0.2/index.d.ts": "14b1a91327996f07a5db5dc55b05bcf68e4c6e65f4a75950c41bc513c1d9512b",
    "https://esm.sh/v125/remark-parse@10.0.2/lib/index.d.ts": "e26cf6bcc9065187a3720d39d23a9d75c123b75423ab35800ed70e52be90b4f6",
    "https://esm.sh/v125/unified@10.1.2/index.d.ts": "0cb95338a6ceb120270179b4f6cbed274086e84761d69c1d3522261958376a8d",
    "https://esm.sh/v125/unist-util-stringify-position@3.0.3/denonext/unist-util-stringify-position.mjs": "e3b2256d68ec8d5ceeb204afe84492e69182ad264a876309a33def43aa34111d",
    "https://esm.sh/v125/vfile-message@3.1.4/index.d.ts": "79703e40043f1870bb6e562148308ec6681d033c18a6290f795af9fe04d6b20d",
    "https://esm.sh/v125/vfile-message@3.1.4/lib/index.d.ts": "6e3396dc94445eaabac9624d1a43946988d5aa34d3b614e046b0c7fbb4f6dc1e",
    "https://esm.sh/v125/vfile@5.3.7/index.d.ts": "3b3c84057d743497bfe6b543700f14e84841cf563240e759b584ca6afc54a4fb",
    "https://esm.sh/v125/vfile@5.3.7/lib/index.d.ts": "be4d3b21fd45bf115dfe888984ca7a6d9f3fb264795b0b37dd0eb07537dfa8c8",
    "https://esm.sh/v125/vfile@5.3.7/lib/minurl.shared.d.ts": "8fa1868ab5af3818ff4746f383ea84206596e284f7dc5ffd40a0fac08ed093f9"
  },
  "npm": {
    "specifiers": {
      "unified": "unified@10.1.2",
      "unified@10.1.2": "unified@10.1.2",
      "vfile@5.3.7": "vfile@5.3.7"
    },
    "packages": {
      "@types/unist@2.0.6": {
        "integrity": "sha512-PBjIUxZHOuj0R15/xuwJYjFi+KZdNFrehocChv4g5hu6aFroHue8m0lBP0POdK2nKzbw0cgV1mws8+V/JAcEkQ==",
        "dependencies": {}
      },
      "bail@2.0.2": {
        "integrity": "sha512-0xO6mYd7JB2YesxDKplafRpsiOzPt9V02ddPCLbY1xYGPOX24NTyN50qnUxgCPcSoYMhKpAuBTjQoRZCAkUDRw==",
        "dependencies": {}
      },
      "extend@3.0.2": {
        "integrity": "sha512-fjquC59cD7CyW6urNXK0FBufkZcoiGG80wTuPujX590cB5Ttln20E2UB4S/WARVqhXffZl2LNgS+gQdPIIim/g==",
        "dependencies": {}
      },
      "is-buffer@2.0.5": {
        "integrity": "sha512-i2R6zNFDwgEHJyQUtJEk0XFi1i0dPFn/oqjK3/vPCcDeJvW5NQ83V8QbicfF1SupOaB0h8ntgBC2YiE7dfyctQ==",
        "dependencies": {}
      },
      "is-plain-obj@4.1.0": {
        "integrity": "sha512-+Pgi+vMuUNkJyExiMBt5IlFoMyKnr5zhJ4Uspz58WOhBF5QoIZkFyNHIbBAtHwzVAgk5RtndVNsDRN61/mmDqg==",
        "dependencies": {}
      },
      "trough@2.1.0": {
        "integrity": "sha512-AqTiAOLcj85xS7vQ8QkAV41hPDIJ71XJB4RCUrzo/1GM2CQwhkJGaf9Hgr7BOugMRpgGUrqRg/DrBDl4H40+8g==",
        "dependencies": {}
      },
      "unified@10.1.2": {
        "integrity": "sha512-pUSWAi/RAnVy1Pif2kAoeWNBa3JVrx0MId2LASj8G+7AiHWoKZNTomq6LG326T68U7/e263X6fTdcXIy7XnF7Q==",
        "dependencies": {
          "@types/unist": "@types/unist@2.0.6",
          "bail": "bail@2.0.2",
          "extend": "extend@3.0.2",
          "is-buffer": "is-buffer@2.0.5",
          "is-plain-obj": "is-plain-obj@4.1.0",
          "trough": "trough@2.1.0",
          "vfile": "vfile@5.3.7"
        }
      },
      "unist-util-stringify-position@3.0.3": {
        "integrity": "sha512-k5GzIBZ/QatR8N5X2y+drfpWG8IDBzdnVj6OInRNWm1oXrzydiaAT2OQiA8DPRRZyAKb9b6I2a6PxYklZD0gKg==",
        "dependencies": {
          "@types/unist": "@types/unist@2.0.6"
        }
      },
      "vfile-message@3.1.4": {
        "integrity": "sha512-fa0Z6P8HUrQN4BZaX05SIVXic+7kE3b05PWAtPuYP9QLHsLKYR7/AlLW3NtOrpXRLeawpDLMsVkmk5DG0NXgWw==",
        "dependencies": {
          "@types/unist": "@types/unist@2.0.6",
          "unist-util-stringify-position": "unist-util-stringify-position@3.0.3"
        }
      },
      "vfile@5.3.7": {
        "integrity": "sha512-r7qlzkgErKjobAmyNIkkSpizsFPYiUPuJb5pNW1RB4JcYVZhs4lIbVqk8XPk033CV/1z8ss5pkax8SuhGpcG8g==",
        "dependencies": {
          "@types/unist": "@types/unist@2.0.6",
          "is-buffer": "is-buffer@2.0.5",
          "unist-util-stringify-position": "unist-util-stringify-position@3.0.3",
          "vfile-message": "vfile-message@3.1.4"
        }
      }
    }
  }
}
