{
  "version": "2",
  "remote": {
    "https://deno.land/std@0.140.0/async/abortable.ts": "87aa7230be8360c24ad437212311c9e8d4328854baec27b4c7abb26e85515c06",
    "https://deno.land/std@0.140.0/async/deadline.ts": "48ac998d7564969f3e6ec6b6f9bf0217ebd00239b1b2292feba61272d5dd58d0",
    "https://deno.land/std@0.140.0/async/debounce.ts": "564273ef242bcfcda19a439132f940db8694173abffc159ea34f07d18fc42620",
    "https://deno.land/std@0.140.0/async/deferred.ts": "bc18e28108252c9f67dfca2bbc4587c3cbf3aeb6e155f8c864ca8ecff992b98a",
    "https://deno.land/std@0.140.0/async/delay.ts": "cbbdf1c87d1aed8edc7bae13592fb3e27e3106e0748f089c263390d4f49e5f6c",
    "https://deno.land/std@0.140.0/async/mod.ts": "6e42e275b44367361a81842dd1a789c55ab206d7c8a877d7163ab5c460625be6",
    "https://deno.land/std@0.140.0/async/mux_async_iterator.ts": "f4d1d259b0c694d381770ddaaa4b799a94843eba80c17f4a2ec2949168e52d1e",
    "https://deno.land/std@0.140.0/async/pool.ts": "97b0dd27c69544e374df857a40902e74e39532f226005543eabacb551e277082",
    "https://deno.land/std@0.140.0/async/tee.ts": "1341feb1f5b1a96f8628d0f8fc07d8c43d3813423f18a63bf1b4785568d21b1f",
    "https://deno.land/std@0.140.0/http/server.ts": "3da75405704bebcf212a55966a68a489f7e094ba52b5d38f181fe0ef8461a55d",
    "https://deno.land/std@0.190.0/_util/asserts.ts": "178dfc49a464aee693a7e285567b3d0b555dc805ff490505a8aae34f9cfb1462",
    "https://deno.land/std@0.190.0/async/deferred.ts": "42790112f36a75a57db4a96d33974a936deb7b04d25c6084a9fa8a49f135def8",
    "https://deno.land/std@0.190.0/bytes/bytes_list.ts": "31d664f4d42fa922066405d0e421c56da89d751886ee77bbe25a88bf0310c9d0",
    "https://deno.land/std@0.190.0/bytes/copy.ts": "939d89e302a9761dcf1d9c937c7711174ed74c59eef40a1e4569a05c9de88219",
    "https://deno.land/std@0.190.0/io/buffer.ts": "17f4410eaaa60a8a85733e8891349a619eadfbbe42e2f319283ce2b8f29723ab",
    "https://deno.land/std@0.190.0/streams/_common.ts": "f45cba84f0d813de3326466095539602364a9ba521f804cc758f7a475cda692d",
    "https://deno.land/std@0.190.0/streams/buffer.ts": "d5b3d7d0299114e5b2ea895a8bf202a687fd915c5282f8096c7bae23b5a04407",
    "https://deno.land/std@0.190.0/streams/byte_slice_stream.ts": "225d57263a34325d7c96cb3dafeb478eec0e6fd05cd0458d678752eadd132bb4",
    "https://deno.land/std@0.190.0/streams/copy.ts": "75cbc795ff89291df22ddca5252de88b2e16d40c85d02840593386a8a1454f71",
    "https://deno.land/std@0.190.0/streams/delimiter_stream.ts": "f69e849b3d1f59f02424497273f411105a6f76a9f13da92aeeb9a2d554236814",
    "https://deno.land/std@0.190.0/streams/early_zip_readable_streams.ts": "4005fa74162b943f79899e5d7cb96adcbc0a6b867f9144974ed12d30e0a556e1",
    "https://deno.land/std@0.190.0/streams/iterate_reader.ts": "bbec1d45c2df2c0c5920bad0549351446fdc8e0886d99e95959b259dbcdb6072",
    "https://deno.land/std@0.190.0/streams/limited_bytes_transform_stream.ts": "05dc592ffaab83257494d22dd53917e56243c26e5e3129b3f13ddbbbc4785048",
    "https://deno.land/std@0.190.0/streams/limited_transform_stream.ts": "d69ab790232c1b86f53621ad41ef03c235f2abb4b7a1cd51960ad6e12ee55e38",
    "https://deno.land/std@0.190.0/streams/merge_readable_streams.ts": "5d6302888f4bb0616dafb5768771be0aec9bedc05fbae6b3d726d05ffbec5b15",
    "https://deno.land/std@0.190.0/streams/mod.ts": "c07ec010e700b9ea887dc36ca08729828bc7912f711e4054e24d33fd46282252",
    "https://deno.land/std@0.190.0/streams/read_all.ts": "ee319772fb0fd28302f97343cc48dfcf948f154fd0d755d8efe65814b70533be",
    "https://deno.land/std@0.190.0/streams/readable_stream_from_iterable.ts": "cd4bb9e9bf6dbe84c213beb1f5085c326624421671473e410cfaecad15f01865",
    "https://deno.land/std@0.190.0/streams/readable_stream_from_reader.ts": "bfc416c4576a30aac6b9af22c9dc292c20c6742141ee7c55b5e85460beb0c54e",
    "https://deno.land/std@0.190.0/streams/reader_from_iterable.ts": "55f68110dce3f8f2c87b834d95f153bc904257fc65175f9f2abe78455cb8047c",
    "https://deno.land/std@0.190.0/streams/reader_from_stream_reader.ts": "fa4971e5615a010e49492c5d1688ca1a4d17472a41e98b498ab89a64ebd7ac73",
    "https://deno.land/std@0.190.0/streams/text_delimiter_stream.ts": "20e680ab8b751390e359288ce764f9c47d164af11a263870746eeca4bc7d976b",
    "https://deno.land/std@0.190.0/streams/text_line_stream.ts": "0f2c4b33a5fdb2476f2e060974cba1347cefe99a4af33c28a57524b1a34750fa",
    "https://deno.land/std@0.190.0/streams/to_transform_stream.ts": "7f55fc0b14cf3ed0f8d10d8f41d05bdc40726e44a65c37f58705d10a615f0159",
    "https://deno.land/std@0.190.0/streams/writable_stream_from_writer.ts": "56fff5c82fb736fdd669b567cc0b2bbbe0351002cd13254eae26c366e2bed89a",
    "https://deno.land/std@0.190.0/streams/write_all.ts": "aec90152978581ea62d56bb53a5cbf487e6a89c902f87c5969681ffbdf32b998",
    "https://deno.land/std@0.190.0/streams/writer_from_stream_writer.ts": "07c7ee025151a190f37fc42cbb01ff93afc949119ebddc6e0d0df14df1bf6950",
    "https://deno.land/std@0.190.0/streams/zip_readable_streams.ts": "a9d81aa451240f79230add674809dbee038d93aabe286e2d9671e66591fc86ca",
    "https://deno.land/std@0.190.0/types.d.ts": "dbaeb2c4d7c526db9828fc8df89d8aecf53b9ced72e0c4568f97ddd8cda616a4",
    "https://deno.land/std@0.191.0/_util/asserts.ts": "178dfc49a464aee693a7e285567b3d0b555dc805ff490505a8aae34f9cfb1462",
    "https://deno.land/std@0.191.0/_util/os.ts": "d932f56d41e4f6a6093d56044e29ce637f8dcc43c5a90af43504a889cf1775e3",
    "https://deno.land/std@0.191.0/fmt/colors.ts": "d67e3cd9f472535241a8e410d33423980bec45047e343577554d3356e1f0ef4e",
    "https://deno.land/std@0.191.0/fs/_util.ts": "fbf57dcdc9f7bc8128d60301eece608246971a7836a3bb1e78da75314f08b978",
    "https://deno.land/std@0.191.0/fs/copy.ts": "14214efd94fc3aa6db1e4af2b4b9578e50f7362b7f3725d5a14ad259a5df26c8",
    "https://deno.land/std@0.191.0/fs/empty_dir.ts": "c3d2da4c7352fab1cf144a1ecfef58090769e8af633678e0f3fabaef98594688",
    "https://deno.land/std@0.191.0/fs/ensure_dir.ts": "dc64c4c75c64721d4e3fb681f1382f803ff3d2868f08563ff923fdd20d071c40",
    "https://deno.land/std@0.191.0/fs/ensure_file.ts": "c38602670bfaf259d86ca824a94e6cb9e5eb73757fefa4ebf43a90dd017d53d9",
    "https://deno.land/std@0.191.0/fs/ensure_link.ts": "c0f5b2f0ec094ed52b9128eccb1ee23362a617457aa0f699b145d4883f5b2fb4",
    "https://deno.land/std@0.191.0/fs/ensure_symlink.ts": "5006ab2f458159c56d689b53b1e48d57e05eeb1eaf64e677f7f76a30bc4fdba1",
    "https://deno.land/std@0.191.0/fs/eol.ts": "f1f2eb348a750c34500741987b21d65607f352cf7205f48f4319d417fff42842",
    "https://deno.land/std@0.191.0/fs/exists.ts": "29c26bca8584a22876be7cb8844f1b6c8fc35e9af514576b78f5c6884d7ed02d",
    "https://deno.land/std@0.191.0/fs/expand_glob.ts": "e4f56259a0a70fe23f05215b00de3ac5e6ba46646ab2a06ebbe9b010f81c972a",
    "https://deno.land/std@0.191.0/fs/mod.ts": "bc3d0acd488cc7b42627044caf47d72019846d459279544e1934418955ba4898",
    "https://deno.land/std@0.191.0/fs/move.ts": "b4f8f46730b40c32ea3c0bc8eb0fd0e8139249a698883c7b3756424cf19785c9",
    "https://deno.land/std@0.191.0/fs/walk.ts": "920be35a7376db6c0b5b1caf1486fb962925e38c9825f90367f8f26b5e5d0897",
    "https://deno.land/std@0.191.0/path/_constants.ts": "e49961f6f4f48039c0dfed3c3f93e963ca3d92791c9d478ac5b43183413136e0",
    "https://deno.land/std@0.191.0/path/_interface.ts": "6471159dfbbc357e03882c2266d21ef9afdb1e4aa771b0545e90db58a0ba314b",
    "https://deno.land/std@0.191.0/path/_util.ts": "d7abb1e0dea065f427b89156e28cdeb32b045870acdf865833ba808a73b576d0",
    "https://deno.land/std@0.191.0/path/common.ts": "ee7505ab01fd22de3963b64e46cff31f40de34f9f8de1fff6a1bd2fe79380000",
    "https://deno.land/std@0.191.0/path/glob.ts": "d479e0a695621c94d3fd7fe7abd4f9499caf32a8de13f25073451c6ef420a4e1",
    "https://deno.land/std@0.191.0/path/mod.ts": "f065032a7189404fdac3ad1a1551a9ac84751d2f25c431e101787846c86c79ef",
    "https://deno.land/std@0.191.0/path/posix.ts": "8b7c67ac338714b30c816079303d0285dd24af6b284f7ad63da5b27372a2c94d",
    "https://deno.land/std@0.191.0/path/separator.ts": "0fb679739d0d1d7bf45b68dacfb4ec7563597a902edbaf3c59b50d5bcadd93b1",
    "https://deno.land/std@0.191.0/path/win32.ts": "d186344e5583bcbf8b18af416d13d82b35a317116e6460a5a3953508c3de5bba",
    "https://deno.land/std@0.191.0/testing/_diff.ts": "1a3c044aedf77647d6cac86b798c6417603361b66b54c53331b312caeb447aea",
    "https://deno.land/std@0.191.0/testing/_format.ts": "a69126e8a469009adf4cf2a50af889aca364c349797e63174884a52ff75cf4c7",
    "https://deno.land/std@0.191.0/testing/asserts.ts": "e16d98b4d73ffc4ed498d717307a12500ae4f2cbe668f1a215632d19fcffc22f",
    "https://deno.land/std@0.191.0/testing/snapshot.ts": "34a70be2aeccb1dc58e3c586c2ed6f374f1e079b65595116adb7079f8b0c9848",
    "https://deno.land/std@0.192.0/collections/filter_values.ts": "5b9feaf17b9a6e5ffccdd36cf6f38fa4ffa94cff2602d381c2ad0c2a97929652",
    "https://deno.land/std@0.192.0/collections/without_all.ts": "a89f5da0b5830defed4f59666e188df411d8fece35a5f6ca69be6ca71a95c185",
    "https://deno.land/std@0.192.0/dotenv/mod.ts": "f5a8123741d1561ae8184a7f043bc097b15132c5171c651142b804b6dbc21853",
    "https://deno.land/x/zod@v3.21.4/ZodError.ts": "4de18ff525e75a0315f2c12066b77b5c2ae18c7c15ef7df7e165d63536fdf2ea",
    "https://deno.land/x/zod@v3.21.4/errors.ts": "5285922d2be9700cc0c70c95e4858952b07ae193aa0224be3cbd5cd5567eabef",
    "https://deno.land/x/zod@v3.21.4/external.ts": "a6cfbd61e9e097d5f42f8a7ed6f92f93f51ff927d29c9fbaec04f03cbce130fe",
    "https://deno.land/x/zod@v3.21.4/helpers/enumUtil.ts": "54efc393cc9860e687d8b81ff52e980def00fa67377ad0bf8b3104f8a5bf698c",
    "https://deno.land/x/zod@v3.21.4/helpers/errorUtil.ts": "7a77328240be7b847af6de9189963bd9f79cab32bbc61502a9db4fe6683e2ea7",
    "https://deno.land/x/zod@v3.21.4/helpers/parseUtil.ts": "51a76c126ee212be86013d53a9d07f87e9ae04bb1496f2558e61b62cb74a6aa8",
    "https://deno.land/x/zod@v3.21.4/helpers/partialUtil.ts": "998c2fe79795257d4d1cf10361e74492f3b7d852f61057c7c08ac0a46488b7e7",
    "https://deno.land/x/zod@v3.21.4/helpers/typeAliases.ts": "0fda31a063c6736fc3cf9090dd94865c811dfff4f3cb8707b932bf937c6f2c3e",
    "https://deno.land/x/zod@v3.21.4/helpers/util.ts": "8baf19b19b2fca8424380367b90364b32503b6b71780269a6e3e67700bb02774",
    "https://deno.land/x/zod@v3.21.4/index.ts": "d27aabd973613985574bc31f39e45cb5d856aa122ef094a9f38a463b8ef1a268",
    "https://deno.land/x/zod@v3.21.4/locales/en.ts": "a7a25cd23563ccb5e0eed214d9b31846305ddbcdb9c5c8f508b108943366ab4c",
    "https://deno.land/x/zod@v3.21.4/mod.ts": "64e55237cb4410e17d968cd08975566059f27638ebb0b86048031b987ba251c4",
    "https://deno.land/x/zod@v3.21.4/types.ts": "b5d061babea250de14fc63764df5b3afa24f2b088a1d797fc060ba49a0ddff28",
    "https://esm.sh/remark-parse@10.0.2": "e7d0ce20ba930394ce4e1f9716a5a169553d49d7c2fd0c75ccf967091f3be2d4",
    "https://esm.sh/v125/@types/mdast@3.0.11/index.d.ts": "73edc684594bcf85f5b9a3806006cda5478fa04405039567024d3f6303eb5a16",
    "https://esm.sh/v125/@types/unist@2.0.6/index.d.ts": "cddf5c26907c0b8378bc05543161c11637b830da9fadf59e02a11e675d11e180",
    "https://esm.sh/v125/character-entities@2.0.2/denonext/character-entities.mjs": "9e8657f056310ac3ca8058eaf96cef695ee13a4bf6c302674796a882464f305c",
    "https://esm.sh/v125/decode-named-character-reference@1.0.2/denonext/decode-named-character-reference.mjs": "0c71d554edc3a5ffb8a7a9a24001ae5e28859211c4f22ad83d3046df12e5a3f4",
    "https://esm.sh/v125/mdast-util-from-markdown@1.3.1/denonext/mdast-util-from-markdown.mjs": "f7362aba147dc5dbedf9c5bda361058fb0d394af72b0a5c7ff8badb788fc1bcc",
    "https://esm.sh/v125/mdast-util-from-markdown@1.3.1/index.d.ts": "baf8a1e090e061b45e43830e518cc2cdecb660acdace2713dcff326844692ddf",
    "https://esm.sh/v125/mdast-util-from-markdown@1.3.1/lib/index.d.ts": "5678304b3e33cb34567d8d42c2fa4225cb0805fc9bc1dfb44012f2ed1c053e03",
    "https://esm.sh/v125/mdast-util-to-string@3.2.0/denonext/mdast-util-to-string.mjs": "64fef8fd2a9fdb8abcff4ff6c086c273123c0833c13e465d6c9f82332d1e239c",
    "https://esm.sh/v125/micromark-core-commonmark@1.1.0/denonext/micromark-core-commonmark.mjs": "fedf22a2503d080301dbfeb028f0f82077aaecf1b145890178e152551f00d5d3",
    "https://esm.sh/v125/micromark-factory-destination@1.1.0/denonext/micromark-factory-destination.mjs": "0610ae0c49fffaac6d5d6d45a4cdd5a2024524e37dc642137883473dba703d73",
    "https://esm.sh/v125/micromark-factory-label@1.1.0/denonext/micromark-factory-label.mjs": "424413dccd22890f7601929f585b93eb8810b405fe1d3fba824a5656ff5d3643",
    "https://esm.sh/v125/micromark-factory-space@1.1.0/denonext/micromark-factory-space.mjs": "ea7b684db4f0e6d68ff35d8babd88c146bd5e4754f641f282037e369a2667517",
    "https://esm.sh/v125/micromark-factory-title@1.1.0/denonext/micromark-factory-title.mjs": "5ded814ba88dc0c5f36f0067418c000d9cf0737b98f99994a89e2ae65af6a3f1",
    "https://esm.sh/v125/micromark-factory-whitespace@1.1.0/denonext/micromark-factory-whitespace.mjs": "6c301e0b048242489591f2f3471a05cfc2696d479f7cdc40744008b2493229b2",
    "https://esm.sh/v125/micromark-util-character@1.2.0/denonext/micromark-util-character.mjs": "be2f95646c829378e2f33d0e8b03e7e057f2387cd54f9c18c3d48a87fbc909c9",
    "https://esm.sh/v125/micromark-util-chunked@1.1.0/denonext/micromark-util-chunked.mjs": "896f816c52b791283f998076bcea3ff9a4bbd2bf858d96be6079400939ae8c9d",
    "https://esm.sh/v125/micromark-util-classify-character@1.1.0/denonext/micromark-util-classify-character.mjs": "c0729214295c16ad5a41b24232cd16c5fb0824c2dcc71d542b0933a99b3f8417",
    "https://esm.sh/v125/micromark-util-combine-extensions@1.1.0/denonext/micromark-util-combine-extensions.mjs": "e557be17d033d8fe9ca36927e24ab60099285a372dcad8c17a19de2272042b15",
    "https://esm.sh/v125/micromark-util-decode-numeric-character-reference@1.1.0/denonext/micromark-util-decode-numeric-character-reference.mjs": "d9d2a8fc3648db44a49c0284d088db354b39c5623e1497c4127ad103594a7948",
    "https://esm.sh/v125/micromark-util-decode-string@1.1.0/denonext/micromark-util-decode-string.mjs": "c105b348d672c4c5ea55a46125699355659891681e2aee42b58a02c0873682de",
    "https://esm.sh/v125/micromark-util-html-tag-name@1.2.0/denonext/micromark-util-html-tag-name.mjs": "81ed9b1fe3f6dd5290991b4bf39d034ddfd6cdbb4f5352ab61769e4c2eb3fbd3",
    "https://esm.sh/v125/micromark-util-normalize-identifier@1.1.0/denonext/micromark-util-normalize-identifier.mjs": "27b873a22954a139d8215b722b0a867b4f1f718cd261ea3f884f997a0d3e0e08",
    "https://esm.sh/v125/micromark-util-resolve-all@1.1.0/denonext/micromark-util-resolve-all.mjs": "ee8f55a86b2bfcc1be3d15bbd8b106755a51916ae4c75c962cc044f6b2a22d46",
    "https://esm.sh/v125/micromark-util-subtokenize@1.1.0/denonext/micromark-util-subtokenize.mjs": "f84fbf2e9853e41e7fbe912705505be2233967270dba5f3b12f22eb4d4f68cf6",
    "https://esm.sh/v125/micromark-util-types@1.1.0/index.d.ts": "4cef6b76f45c58ff3044e1851afecd32be09fa6def7a626115b555b063e3e9ef",
    "https://esm.sh/v125/micromark@3.2.0/denonext/lib/parse.js": "a9a90718ee5eafb25b6f7f1f263c7be0a69919873a1cf1d8671829c7d2d1de55",
    "https://esm.sh/v125/micromark@3.2.0/denonext/lib/postprocess.js": "78af197d2906c033ae0f81ee5a9eb03b37d42cac0535f75e98174a948cae2fb5",
    "https://esm.sh/v125/micromark@3.2.0/denonext/lib/preprocess.js": "786db83c43e9d21f14bc37b6c05f061ca4a1db862ffed10c07ca1e6843f73fae",
    "https://esm.sh/v125/remark-parse@10.0.2/denonext/remark-parse.mjs": "97743a1b8e698444f5ee2dff5e1d3819c39f97a61d680e5b8a3af764220524d1",
    "https://esm.sh/v125/remark-parse@10.0.2/index.d.ts": "14b1a91327996f07a5db5dc55b05bcf68e4c6e65f4a75950c41bc513c1d9512b",
    "https://esm.sh/v125/remark-parse@10.0.2/lib/index.d.ts": "e26cf6bcc9065187a3720d39d23a9d75c123b75423ab35800ed70e52be90b4f6",
    "https://esm.sh/v125/unified@10.1.2/index.d.ts": "0cb95338a6ceb120270179b4f6cbed274086e84761d69c1d3522261958376a8d",
    "https://esm.sh/v125/unist-util-stringify-position@3.0.3/denonext/unist-util-stringify-position.mjs": "e3b2256d68ec8d5ceeb204afe84492e69182ad264a876309a33def43aa34111d",
    "https://esm.sh/v125/vfile-message@3.1.4/index.d.ts": "79703e40043f1870bb6e562148308ec6681d033c18a6290f795af9fe04d6b20d",
    "https://esm.sh/v125/vfile-message@3.1.4/lib/index.d.ts": "6e3396dc94445eaabac9624d1a43946988d5aa34d3b614e046b0c7fbb4f6dc1e",
    "https://esm.sh/v125/vfile@5.3.7/index.d.ts": "3b3c84057d743497bfe6b543700f14e84841cf563240e759b584ca6afc54a4fb",
    "https://esm.sh/v125/vfile@5.3.7/lib/index.d.ts": "be4d3b21fd45bf115dfe888984ca7a6d9f3fb264795b0b37dd0eb07537dfa8c8",
    "https://esm.sh/v125/vfile@5.3.7/lib/minurl.shared.d.ts": "8fa1868ab5af3818ff4746f383ea84206596e284f7dc5ffd40a0fac08ed093f9"
  },
  "npm": {
    "specifiers": {
      "openai@3.3.0": "openai@3.3.0",
      "unified": "unified@10.1.2",
      "unified@10.1.2": "unified@10.1.2",
      "vfile@5.3.7": "vfile@5.3.7"
    },
    "packages": {
      "@types/unist@2.0.6": {
        "integrity": "sha512-PBjIUxZHOuj0R15/xuwJYjFi+KZdNFrehocChv4g5hu6aFroHue8m0lBP0POdK2nKzbw0cgV1mws8+V/JAcEkQ==",
        "dependencies": {}
      },
      "asynckit@0.4.0": {
        "integrity": "sha512-Oei9OH4tRh0YqU3GxhX79dM/mwVgvbZJaSNaRk+bshkj0S5cfHcgYakreBjrHwatXKbz+IoIdYLxrKim2MjW0Q==",
        "dependencies": {}
      },
      "axios@0.26.1": {
        "integrity": "sha512-fPwcX4EvnSHuInCMItEhAGnaSEXRBjtzh9fOtsE6E1G6p7vl7edEeZe11QHf18+6+9gR5PbKV/sGKNaD8YaMeA==",
        "dependencies": {
          "follow-redirects": "follow-redirects@1.15.2"
        }
      },
      "bail@2.0.2": {
        "integrity": "sha512-0xO6mYd7JB2YesxDKplafRpsiOzPt9V02ddPCLbY1xYGPOX24NTyN50qnUxgCPcSoYMhKpAuBTjQoRZCAkUDRw==",
        "dependencies": {}
      },
      "combined-stream@1.0.8": {
        "integrity": "sha512-FQN4MRfuJeHf7cBbBMJFXhKSDq+2kAArBlmRBvcvFE5BB1HZKXtSFASDhdlz9zOYwxh8lDdnvmMOe/+5cdoEdg==",
        "dependencies": {
          "delayed-stream": "delayed-stream@1.0.0"
        }
      },
      "delayed-stream@1.0.0": {
        "integrity": "sha512-ZySD7Nf91aLB0RxL4KGrKHBXl7Eds1DAmEdcoVawXnLD7SDhpNgtuII2aAkg7a7QS41jxPSZ17p4VdGnMHk3MQ==",
        "dependencies": {}
      },
      "extend@3.0.2": {
        "integrity": "sha512-fjquC59cD7CyW6urNXK0FBufkZcoiGG80wTuPujX590cB5Ttln20E2UB4S/WARVqhXffZl2LNgS+gQdPIIim/g==",
        "dependencies": {}
      },
      "follow-redirects@1.15.2": {
        "integrity": "sha512-VQLG33o04KaQ8uYi2tVNbdrWp1QWxNNea+nmIB4EVM28v0hmP17z7aG1+wAkNzVq4KeXTq3221ye5qTJP91JwA==",
        "dependencies": {}
      },
      "form-data@4.0.0": {
        "integrity": "sha512-ETEklSGi5t0QMZuiXoA/Q6vcnxcLQP5vdugSpuAyi6SVGi2clPPp+xgEhuMaHC+zGgn31Kd235W35f7Hykkaww==",
        "dependencies": {
          "asynckit": "asynckit@0.4.0",
          "combined-stream": "combined-stream@1.0.8",
          "mime-types": "mime-types@2.1.35"
        }
      },
      "is-buffer@2.0.5": {
        "integrity": "sha512-i2R6zNFDwgEHJyQUtJEk0XFi1i0dPFn/oqjK3/vPCcDeJvW5NQ83V8QbicfF1SupOaB0h8ntgBC2YiE7dfyctQ==",
        "dependencies": {}
      },
      "is-plain-obj@4.1.0": {
        "integrity": "sha512-+Pgi+vMuUNkJyExiMBt5IlFoMyKnr5zhJ4Uspz58WOhBF5QoIZkFyNHIbBAtHwzVAgk5RtndVNsDRN61/mmDqg==",
        "dependencies": {}
      },
      "mime-db@1.52.0": {
        "integrity": "sha512-sPU4uV7dYlvtWJxwwxHD0PuihVNiE7TyAbQ5SWxDCB9mUYvOgroQOwYQQOKPJ8CIbE+1ETVlOoK1UC2nU3gYvg==",
        "dependencies": {}
      },
      "mime-types@2.1.35": {
        "integrity": "sha512-ZDY+bPm5zTTF+YpCrAU9nK0UgICYPT0QtT1NZWFv4s++TNkcgVaT0g6+4R2uI4MjQjzysHB1zxuWL50hzaeXiw==",
        "dependencies": {
          "mime-db": "mime-db@1.52.0"
        }
      },
      "openai@3.3.0": {
        "integrity": "sha512-uqxI/Au+aPRnsaQRe8CojU0eCR7I0mBiKjD3sNMzY6DaC1ZVrc85u98mtJW6voDug8fgGN+DIZmTDxTthxb7dQ==",
        "dependencies": {
          "axios": "axios@0.26.1",
          "form-data": "form-data@4.0.0"
        }
      },
      "trough@2.1.0": {
        "integrity": "sha512-AqTiAOLcj85xS7vQ8QkAV41hPDIJ71XJB4RCUrzo/1GM2CQwhkJGaf9Hgr7BOugMRpgGUrqRg/DrBDl4H40+8g==",
        "dependencies": {}
      },
      "unified@10.1.2": {
        "integrity": "sha512-pUSWAi/RAnVy1Pif2kAoeWNBa3JVrx0MId2LASj8G+7AiHWoKZNTomq6LG326T68U7/e263X6fTdcXIy7XnF7Q==",
        "dependencies": {
          "@types/unist": "@types/unist@2.0.6",
          "bail": "bail@2.0.2",
          "extend": "extend@3.0.2",
          "is-buffer": "is-buffer@2.0.5",
          "is-plain-obj": "is-plain-obj@4.1.0",
          "trough": "trough@2.1.0",
          "vfile": "vfile@5.3.7"
        }
      },
      "unist-util-stringify-position@3.0.3": {
        "integrity": "sha512-k5GzIBZ/QatR8N5X2y+drfpWG8IDBzdnVj6OInRNWm1oXrzydiaAT2OQiA8DPRRZyAKb9b6I2a6PxYklZD0gKg==",
        "dependencies": {
          "@types/unist": "@types/unist@2.0.6"
        }
      },
      "vfile-message@3.1.4": {
        "integrity": "sha512-fa0Z6P8HUrQN4BZaX05SIVXic+7kE3b05PWAtPuYP9QLHsLKYR7/AlLW3NtOrpXRLeawpDLMsVkmk5DG0NXgWw==",
        "dependencies": {
          "@types/unist": "@types/unist@2.0.6",
          "unist-util-stringify-position": "unist-util-stringify-position@3.0.3"
        }
      },
      "vfile@5.3.7": {
        "integrity": "sha512-r7qlzkgErKjobAmyNIkkSpizsFPYiUPuJb5pNW1RB4JcYVZhs4lIbVqk8XPk033CV/1z8ss5pkax8SuhGpcG8g==",
        "dependencies": {
          "@types/unist": "@types/unist@2.0.6",
          "is-buffer": "is-buffer@2.0.5",
          "unist-util-stringify-position": "unist-util-stringify-position@3.0.3",
          "vfile-message": "vfile-message@3.1.4"
        }
      }
    }
  }
}
